
Microsoft Visual Studio Solution File, Format Version 12.00
# Visual Studio Version 16
VisualStudioVersion = 16.0.31003.189
MinimumVisualStudioVersion = 10.0.40219.1
Project("{FAE04EC0-301F-11D3-BF4B-00C04F79EFBC}") = "FunctionAppV3", "FunctionAppV3\FunctionAppV3.csproj", "{82964BEF-26BA-4B1B-96CC-CDF78ACCC008}"
EndProject
Global
	GlobalSection(SolutionConfigurationPlatforms) = preSolution
		Debug|Any CPU = Debug|Any CPU
		Release|Any CPU = Release|Any CPU
	EndGlobalSection
	GlobalSection(ProjectConfigurationPlatforms) = postSolution
		{82964BEF-26BA-4B1B-96CC-CDF78ACCC008}.Debug|Any CPU.ActiveCfg = Debug|Any CPU
		{82964BEF-26BA-4B1B-96CC-CDF78ACCC008}.Debug|Any CPU.Build.0 = Debug|Any CPU
		{82964BEF-26BA-4B1B-96CC-CDF78ACCC008}.Release|Any CPU.ActiveCfg = Release|Any CPU
		{82964BEF-26BA-4B1B-96CC-CDF78ACCC008}.Release|Any CPU.Build.0 = Release|Any CPU
	EndGlobalSection
	GlobalSection(SolutionProperties) = preSolution
		HideSolutionNode = FALSE
	EndGlobalSection
	GlobalSection(ExtensibilityGlobals) = postSolution
		SolutionGuid = {BD4F7A55-819F-472E-8E1C-B46A317020CC}
	EndGlobalSection
EndGlobal
